
Microsoft Visual Studio Solution File, Format Version 12.00
# Visual Studio Version 17
VisualStudioVersion = 17.5.33516.290
MinimumVisualStudioVersion = 10.0.40219.1
Project("{FAE04EC0-301F-11D3-BF4B-00C04F79EFBC}") = "OpenWeather.BlazorUI", "OpenWeather.BlazorUI\OpenWeather.BlazorUI.csproj", "{3254EA56-AD4E-4A53-ABAC-F247F3DDE0D5}"
EndProject
Project("{FAE04EC0-301F-11D3-BF4B-00C04F79EFBC}") = "OpenWeather.WebAPI", "OpenWeather.WebAPI\OpenWeather.WebAPI.csproj", "{6FC5DBA6-D046-4C8F-8087-8909E232F5AD}"
EndProject
Project("{FAE04EC0-301F-11D3-BF4B-00C04F79EFBC}") = "OpenWeather.Tests", "OpenWeather.Tests\OpenWeather.Tests.csproj", "{3566F45D-C021-49B0-A90C-1012FB960CCF}"
EndProject
Global
	GlobalSection(SolutionConfigurationPlatforms) = preSolution
		Debug|Any CPU = Debug|Any CPU
		Release|Any CPU = Release|Any CPU
	EndGlobalSection
	GlobalSection(ProjectConfigurationPlatforms) = postSolution
		{3254EA56-AD4E-4A53-ABAC-F247F3DDE0D5}.Debug|Any CPU.ActiveCfg = Debug|Any CPU
		{3254EA56-AD4E-4A53-ABAC-F247F3DDE0D5}.Debug|Any CPU.Build.0 = Debug|Any CPU
		{3254EA56-AD4E-4A53-ABAC-F247F3DDE0D5}.Release|Any CPU.ActiveCfg = Release|Any CPU
		{3254EA56-AD4E-4A53-ABAC-F247F3DDE0D5}.Release|Any CPU.Build.0 = Release|Any CPU
		{6FC5DBA6-D046-4C8F-8087-8909E232F5AD}.Debug|Any CPU.ActiveCfg = Debug|Any CPU
		{6FC5DBA6-D046-4C8F-8087-8909E232F5AD}.Debug|Any CPU.Build.0 = Debug|Any CPU
		{6FC5DBA6-D046-4C8F-8087-8909E232F5AD}.Release|Any CPU.ActiveCfg = Release|Any CPU
		{6FC5DBA6-D046-4C8F-8087-8909E232F5AD}.Release|Any CPU.Build.0 = Release|Any CPU
		{3566F45D-C021-49B0-A90C-1012FB960CCF}.Debug|Any CPU.ActiveCfg = Debug|Any CPU
		{3566F45D-C021-49B0-A90C-1012FB960CCF}.Debug|Any CPU.Build.0 = Debug|Any CPU
		{3566F45D-C021-49B0-A90C-1012FB960CCF}.Release|Any CPU.ActiveCfg = Release|Any CPU
		{3566F45D-C021-49B0-A90C-1012FB960CCF}.Release|Any CPU.Build.0 = Release|Any CPU
	EndGlobalSection
	GlobalSection(SolutionProperties) = preSolution
		HideSolutionNode = FALSE
	EndGlobalSection
	GlobalSection(ExtensibilityGlobals) = postSolution
		SolutionGuid = {3C133E8B-69CE-4E0F-919A-0BC077F58026}
	EndGlobalSection
EndGlobal
