
Microsoft Visual Studio Solution File, Format Version 12.00
# Visual Studio Version 17
VisualStudioVersion = 17.5.33516.290
MinimumVisualStudioVersion = 10.0.40219.1
Project("{FAE04EC0-301F-11D3-BF4B-00C04F79EFBC}") = "OpenWeatherWebAPI", "OpenWeatherWebAPI\OpenWeatherWebAPI.csproj", "{BCEE750F-501C-4457-9B93-4F1E45091B46}"
EndProject
Global
	GlobalSection(SolutionConfigurationPlatforms) = preSolution
		Debug|Any CPU = Debug|Any CPU
		Release|Any CPU = Release|Any CPU
	EndGlobalSection
	GlobalSection(ProjectConfigurationPlatforms) = postSolution
		{BCEE750F-501C-4457-9B93-4F1E45091B46}.Debug|Any CPU.ActiveCfg = Debug|Any CPU
		{BCEE750F-501C-4457-9B93-4F1E45091B46}.Debug|Any CPU.Build.0 = Debug|Any CPU
		{BCEE750F-501C-4457-9B93-4F1E45091B46}.Release|Any CPU.ActiveCfg = Release|Any CPU
		{BCEE750F-501C-4457-9B93-4F1E45091B46}.Release|Any CPU.Build.0 = Release|Any CPU
	EndGlobalSection
	GlobalSection(SolutionProperties) = preSolution
		HideSolutionNode = FALSE
	EndGlobalSection
	GlobalSection(ExtensibilityGlobals) = postSolution
		SolutionGuid = {3C133E8B-69CE-4E0F-919A-0BC077F58026}
	EndGlobalSection
EndGlobal
